
Microsoft Visual Studio Solution File, Format Version 12.00
# Visual Studio Version 16
VisualStudioVersion = 16.0.31105.61
MinimumVisualStudioVersion = 10.0.40219.1
Project("{FAE04EC0-301F-11D3-BF4B-00C04F79EFBC}") = "Atelier2", "Atelier2\Atelier2.csproj", "{F7A8951B-A5BE-4557-BCF1-8125DF71EEF3}"
EndProject
Global
	GlobalSection(SolutionConfigurationPlatforms) = preSolution
		Debug|Any CPU = Debug|Any CPU
		Release|Any CPU = Release|Any CPU
	EndGlobalSection
	GlobalSection(ProjectConfigurationPlatforms) = postSolution
		{F7A8951B-A5BE-4557-BCF1-8125DF71EEF3}.Debug|Any CPU.ActiveCfg = Debug|Any CPU
		{F7A8951B-A5BE-4557-BCF1-8125DF71EEF3}.Debug|Any CPU.Build.0 = Debug|Any CPU
		{F7A8951B-A5BE-4557-BCF1-8125DF71EEF3}.Release|Any CPU.ActiveCfg = Release|Any CPU
		{F7A8951B-A5BE-4557-BCF1-8125DF71EEF3}.Release|Any CPU.Build.0 = Release|Any CPU
	EndGlobalSection
	GlobalSection(SolutionProperties) = preSolution
		HideSolutionNode = FALSE
	EndGlobalSection
	GlobalSection(ExtensibilityGlobals) = postSolution
		SolutionGuid = {C7166F84-8AD4-4A90-B48D-B77CFC4279DE}
	EndGlobalSection
EndGlobal
